
Microsoft Visual Studio Solution File, Format Version 12.00
# Visual Studio 15
VisualStudioVersion = 15.0.27130.2010
MinimumVisualStudioVersion = 10.0.40219.1
Project("{FAE04EC0-301F-11D3-BF4B-00C04F79EFBC}") = "WebAPIDemo", "WebAPIDemo\WebAPIDemo.csproj", "{B923F9D9-AFA5-4D42-9112-E6567806F745}"
EndProject
Project("{FAE04EC0-301F-11D3-BF4B-00C04F79EFBC}") = "WebAPIDemo.Tests", "WebAPIDemo.Tests\WebAPIDemo.Tests.csproj", "{3E11F8CB-8E19-4B96-B7C4-64B2C17E8B51}"
EndProject
Project("{FAE04EC0-301F-11D3-BF4B-00C04F79EFBC}") = "EmployeeDataAccess", "EmployeeDataAccess\EmployeeDataAccess.csproj", "{C646B00D-E5AA-42F8-9FA7-E7E1030ED84D}"
EndProject
Project("{FAE04EC0-301F-11D3-BF4B-00C04F79EFBC}") = "ClientApplication", "ClientApplication\ClientApplication.csproj", "{B2581C9C-F314-4377-AAEF-6E1D781CD5AA}"
EndProject
Global
	GlobalSection(SolutionConfigurationPlatforms) = preSolution
		Debug|Any CPU = Debug|Any CPU
		Release|Any CPU = Release|Any CPU
	EndGlobalSection
	GlobalSection(ProjectConfigurationPlatforms) = postSolution
		{B923F9D9-AFA5-4D42-9112-E6567806F745}.Debug|Any CPU.ActiveCfg = Debug|Any CPU
		{B923F9D9-AFA5-4D42-9112-E6567806F745}.Debug|Any CPU.Build.0 = Debug|Any CPU
		{B923F9D9-AFA5-4D42-9112-E6567806F745}.Release|Any CPU.ActiveCfg = Release|Any CPU
		{B923F9D9-AFA5-4D42-9112-E6567806F745}.Release|Any CPU.Build.0 = Release|Any CPU
		{3E11F8CB-8E19-4B96-B7C4-64B2C17E8B51}.Debug|Any CPU.ActiveCfg = Debug|Any CPU
		{3E11F8CB-8E19-4B96-B7C4-64B2C17E8B51}.Debug|Any CPU.Build.0 = Debug|Any CPU
		{3E11F8CB-8E19-4B96-B7C4-64B2C17E8B51}.Release|Any CPU.ActiveCfg = Release|Any CPU
		{3E11F8CB-8E19-4B96-B7C4-64B2C17E8B51}.Release|Any CPU.Build.0 = Release|Any CPU
		{C646B00D-E5AA-42F8-9FA7-E7E1030ED84D}.Debug|Any CPU.ActiveCfg = Debug|Any CPU
		{C646B00D-E5AA-42F8-9FA7-E7E1030ED84D}.Debug|Any CPU.Build.0 = Debug|Any CPU
		{C646B00D-E5AA-42F8-9FA7-E7E1030ED84D}.Release|Any CPU.ActiveCfg = Release|Any CPU
		{C646B00D-E5AA-42F8-9FA7-E7E1030ED84D}.Release|Any CPU.Build.0 = Release|Any CPU
		{B2581C9C-F314-4377-AAEF-6E1D781CD5AA}.Debug|Any CPU.ActiveCfg = Debug|Any CPU
		{B2581C9C-F314-4377-AAEF-6E1D781CD5AA}.Debug|Any CPU.Build.0 = Debug|Any CPU
		{B2581C9C-F314-4377-AAEF-6E1D781CD5AA}.Release|Any CPU.ActiveCfg = Release|Any CPU
		{B2581C9C-F314-4377-AAEF-6E1D781CD5AA}.Release|Any CPU.Build.0 = Release|Any CPU
	EndGlobalSection
	GlobalSection(SolutionProperties) = preSolution
		HideSolutionNode = FALSE
	EndGlobalSection
	GlobalSection(ExtensibilityGlobals) = postSolution
		SolutionGuid = {3D226026-427E-4569-BE16-408D0490B53E}
	EndGlobalSection
EndGlobal
